
Microsoft Visual Studio Solution File, Format Version 12.00
Project("{F2A71F9B-5D33-465A-A702-920D77279786}") = "FsToolbox", "FsToolbox\FsToolbox.fsproj", "{207E6B90-F572-426A-AC74-769B40746138}"
EndProject
Project("{F2A71F9B-5D33-465A-A702-920D77279786}") = "FsToolbox.Web", "FsToolbox.Web\FsToolbox.Web.fsproj", "{7DDBE8B2-EAB9-41E2-9B86-3FD8BA4B29AC}"
EndProject
Project("{2150E333-8FDC-42A3-9474-1A3956D46DE8}") = "Documentation", "Documentation", "{C7A31AAF-6741-45FC-8FA7-447D993E1295}"
	ProjectSection(SolutionItems) = preProject
		LICENSE = LICENSE
		README.md = README.md
	EndProjectSection
EndProject
Project("{F2A71F9B-5D33-465A-A702-920D77279786}") = "FsToolbox.Scripting", "FsToolbox.Scripting\FsToolbox.Scripting.fsproj", "{FED36885-79EA-4989-A40D-ACDF4495B718}"
EndProject
Project("{F2A71F9B-5D33-465A-A702-920D77279786}") = "FsToolbox.RabbitMQ", "FsToolbox.RabbitMQ\FsToolbox.RabbitMQ.fsproj", "{5B02B430-25A3-4885-98CE-554B9FA079B8}"
EndProject
Project("{F2A71F9B-5D33-465A-A702-920D77279786}") = "FsToolbox.S3", "FsToolbox.S3\FsToolbox.S3.fsproj", "{4F8A388F-20B3-4124-9815-C7F8BF15E7E7}"
EndProject
Global
	GlobalSection(SolutionConfigurationPlatforms) = preSolution
		Debug|Any CPU = Debug|Any CPU
		Release|Any CPU = Release|Any CPU
	EndGlobalSection
	GlobalSection(ProjectConfigurationPlatforms) = postSolution
		{207E6B90-F572-426A-AC74-769B40746138}.Debug|Any CPU.ActiveCfg = Debug|Any CPU
		{207E6B90-F572-426A-AC74-769B40746138}.Debug|Any CPU.Build.0 = Debug|Any CPU
		{207E6B90-F572-426A-AC74-769B40746138}.Release|Any CPU.ActiveCfg = Release|Any CPU
		{207E6B90-F572-426A-AC74-769B40746138}.Release|Any CPU.Build.0 = Release|Any CPU
		{7DDBE8B2-EAB9-41E2-9B86-3FD8BA4B29AC}.Debug|Any CPU.ActiveCfg = Debug|Any CPU
		{7DDBE8B2-EAB9-41E2-9B86-3FD8BA4B29AC}.Debug|Any CPU.Build.0 = Debug|Any CPU
		{7DDBE8B2-EAB9-41E2-9B86-3FD8BA4B29AC}.Release|Any CPU.ActiveCfg = Release|Any CPU
		{7DDBE8B2-EAB9-41E2-9B86-3FD8BA4B29AC}.Release|Any CPU.Build.0 = Release|Any CPU
		{FED36885-79EA-4989-A40D-ACDF4495B718}.Debug|Any CPU.ActiveCfg = Debug|Any CPU
		{FED36885-79EA-4989-A40D-ACDF4495B718}.Debug|Any CPU.Build.0 = Debug|Any CPU
		{FED36885-79EA-4989-A40D-ACDF4495B718}.Release|Any CPU.ActiveCfg = Release|Any CPU
		{FED36885-79EA-4989-A40D-ACDF4495B718}.Release|Any CPU.Build.0 = Release|Any CPU
		{5B02B430-25A3-4885-98CE-554B9FA079B8}.Debug|Any CPU.ActiveCfg = Debug|Any CPU
		{5B02B430-25A3-4885-98CE-554B9FA079B8}.Debug|Any CPU.Build.0 = Debug|Any CPU
		{5B02B430-25A3-4885-98CE-554B9FA079B8}.Release|Any CPU.ActiveCfg = Release|Any CPU
		{5B02B430-25A3-4885-98CE-554B9FA079B8}.Release|Any CPU.Build.0 = Release|Any CPU
		{4F8A388F-20B3-4124-9815-C7F8BF15E7E7}.Debug|Any CPU.ActiveCfg = Debug|Any CPU
		{4F8A388F-20B3-4124-9815-C7F8BF15E7E7}.Debug|Any CPU.Build.0 = Debug|Any CPU
		{4F8A388F-20B3-4124-9815-C7F8BF15E7E7}.Release|Any CPU.ActiveCfg = Release|Any CPU
		{4F8A388F-20B3-4124-9815-C7F8BF15E7E7}.Release|Any CPU.Build.0 = Release|Any CPU
	EndGlobalSection
EndGlobal
